
Microsoft Visual Studio Solution File, Format Version 12.00
# Visual Studio Version 16
VisualStudioVersion = 16.0.30804.86
MinimumVisualStudioVersion = 10.0.40219.1
Project("{2150E333-8FDC-42A3-9474-1A3956D46DE8}") = "Class project", "Class project", "{FD2FD0A0-E891-4405-86A0-BDF6C4A1820D}"
EndProject
Project("{9A19103F-16F7-4668-BE54-9A1E7A4F7556}") = "NorthWindCoreLibrary", "NorthWindCoreLibrary\NorthWindCoreLibrary.csproj", "{09FF19C7-CF38-44D8-9C27-38385CE38C25}"
EndProject
Project("{9A19103F-16F7-4668-BE54-9A1E7A4F7556}") = "ConfigurationHelper", "ConfigurationHelper\ConfigurationHelper.csproj", "{76826851-8A83-44E2-8A6D-7068E3C22DB7}"
EndProject
Project("{2150E333-8FDC-42A3-9474-1A3956D46DE8}") = "Unit Test projects", "Unit Test projects", "{D5F06049-0C09-4161-8549-6D9AF9645B20}"
EndProject
Project("{9A19103F-16F7-4668-BE54-9A1E7A4F7556}") = "NorthWindCoreUnitTest", "NorthWindCoreUnitTest\NorthWindCoreUnitTest.csproj", "{2FB5FD70-C683-4CC0-86C4-1AE6CCEF24E8}"
EndProject
Project("{2150E333-8FDC-42A3-9474-1A3956D46DE8}") = "Solution Items", "Solution Items", "{4ABE4D03-31E0-4FB3-9C7B-776AD8A3DB7A}"
	ProjectSection(SolutionItems) = preProject
		01_CreateNothWindSolution.docx = 01_CreateNothWindSolution.docx
		02_InterfacesINotifyPropertyChanged.docx = 02_InterfacesINotifyPropertyChanged.docx
		03_EF_ComplexGrouping.docx = 03_EF_ComplexGrouping.docx
		03_EF_CoreLogging.docx = 03_EF_CoreLogging.docx
		04_EF_In_MemoryTesting.docx = 04_EF_In_MemoryTesting.docx
		readme.md = readme.md
	EndProjectSection
EndProject
Project("{9A19103F-16F7-4668-BE54-9A1E7A4F7556}") = "NorthWindDataProviderLibrary", "NorthWindDataProviderLibrary\NorthWindDataProviderLibrary.csproj", "{3D4FF002-2C1D-43C3-A0DF-19CC5592AB72}"
EndProject
Project("{2150E333-8FDC-42A3-9474-1A3956D46DE8}") = "Windows Forms", "Windows Forms", "{4E695151-906E-413B-99DA-DC40CAD4539A}"
EndProject
Project("{9A19103F-16F7-4668-BE54-9A1E7A4F7556}") = "SortingByStringPropertyName", "SortingByStringPropertyName\SortingByStringPropertyName.csproj", "{0750079F-2E07-4C6C-9A98-243CA6AAFFF5}"
EndProject
Project("{9A19103F-16F7-4668-BE54-9A1E7A4F7556}") = "ConfigurationHelper1", "ConfigurationHelper1\ConfigurationHelper1.csproj", "{01EB17CA-5BC3-4D4F-96D9-24BD360B0B54}"
EndProject
Project("{2150E333-8FDC-42A3-9474-1A3956D46DE8}") = "Configurations", "Configurations", "{FE57C747-B16E-4F5D-950E-3064FE210AC9}"
EndProject
Project("{9A19103F-16F7-4668-BE54-9A1E7A4F7556}") = "NorthWindCoreUnitTest_InMemory", "NorthWindCoreUnitTest_InMemory\NorthWindCoreUnitTest_InMemory.csproj", "{4B7EC3C1-8CD8-402E-B32E-2533E4DC711F}"
EndProject
Project("{FAE04EC0-301F-11D3-BF4B-00C04F79EFBC}") = "WindowsFormsApp1", "WindowsFormsApp1\WindowsFormsApp1.csproj", "{55DADE2C-A742-4472-82AB-0B04EE38A258}"
EndProject
Project("{9A19103F-16F7-4668-BE54-9A1E7A4F7556}") = "SaveChangesInterceptorApp", "SaveInterceptorWindowsForms\SaveChangesInterceptorApp.csproj", "{8BE32523-C8C6-4029-91D4-B072497D26C8}"
EndProject
Global
	GlobalSection(SolutionConfigurationPlatforms) = preSolution
		Debug|Any CPU = Debug|Any CPU
		Release|Any CPU = Release|Any CPU
	EndGlobalSection
	GlobalSection(ProjectConfigurationPlatforms) = postSolution
		{09FF19C7-CF38-44D8-9C27-38385CE38C25}.Debug|Any CPU.ActiveCfg = Debug|Any CPU
		{09FF19C7-CF38-44D8-9C27-38385CE38C25}.Debug|Any CPU.Build.0 = Debug|Any CPU
		{09FF19C7-CF38-44D8-9C27-38385CE38C25}.Release|Any CPU.ActiveCfg = Release|Any CPU
		{09FF19C7-CF38-44D8-9C27-38385CE38C25}.Release|Any CPU.Build.0 = Release|Any CPU
		{76826851-8A83-44E2-8A6D-7068E3C22DB7}.Debug|Any CPU.ActiveCfg = Debug|Any CPU
		{76826851-8A83-44E2-8A6D-7068E3C22DB7}.Debug|Any CPU.Build.0 = Debug|Any CPU
		{76826851-8A83-44E2-8A6D-7068E3C22DB7}.Release|Any CPU.ActiveCfg = Release|Any CPU
		{76826851-8A83-44E2-8A6D-7068E3C22DB7}.Release|Any CPU.Build.0 = Release|Any CPU
		{2FB5FD70-C683-4CC0-86C4-1AE6CCEF24E8}.Debug|Any CPU.ActiveCfg = Debug|Any CPU
		{2FB5FD70-C683-4CC0-86C4-1AE6CCEF24E8}.Debug|Any CPU.Build.0 = Debug|Any CPU
		{2FB5FD70-C683-4CC0-86C4-1AE6CCEF24E8}.Release|Any CPU.ActiveCfg = Release|Any CPU
		{2FB5FD70-C683-4CC0-86C4-1AE6CCEF24E8}.Release|Any CPU.Build.0 = Release|Any CPU
		{3D4FF002-2C1D-43C3-A0DF-19CC5592AB72}.Debug|Any CPU.ActiveCfg = Debug|Any CPU
		{3D4FF002-2C1D-43C3-A0DF-19CC5592AB72}.Debug|Any CPU.Build.0 = Debug|Any CPU
		{3D4FF002-2C1D-43C3-A0DF-19CC5592AB72}.Release|Any CPU.ActiveCfg = Release|Any CPU
		{3D4FF002-2C1D-43C3-A0DF-19CC5592AB72}.Release|Any CPU.Build.0 = Release|Any CPU
		{0750079F-2E07-4C6C-9A98-243CA6AAFFF5}.Debug|Any CPU.ActiveCfg = Debug|Any CPU
		{0750079F-2E07-4C6C-9A98-243CA6AAFFF5}.Debug|Any CPU.Build.0 = Debug|Any CPU
		{0750079F-2E07-4C6C-9A98-243CA6AAFFF5}.Release|Any CPU.ActiveCfg = Release|Any CPU
		{0750079F-2E07-4C6C-9A98-243CA6AAFFF5}.Release|Any CPU.Build.0 = Release|Any CPU
		{01EB17CA-5BC3-4D4F-96D9-24BD360B0B54}.Debug|Any CPU.ActiveCfg = Debug|Any CPU
		{01EB17CA-5BC3-4D4F-96D9-24BD360B0B54}.Debug|Any CPU.Build.0 = Debug|Any CPU
		{01EB17CA-5BC3-4D4F-96D9-24BD360B0B54}.Release|Any CPU.ActiveCfg = Release|Any CPU
		{01EB17CA-5BC3-4D4F-96D9-24BD360B0B54}.Release|Any CPU.Build.0 = Release|Any CPU
		{4B7EC3C1-8CD8-402E-B32E-2533E4DC711F}.Debug|Any CPU.ActiveCfg = Debug|Any CPU
		{4B7EC3C1-8CD8-402E-B32E-2533E4DC711F}.Debug|Any CPU.Build.0 = Debug|Any CPU
		{4B7EC3C1-8CD8-402E-B32E-2533E4DC711F}.Release|Any CPU.ActiveCfg = Release|Any CPU
		{4B7EC3C1-8CD8-402E-B32E-2533E4DC711F}.Release|Any CPU.Build.0 = Release|Any CPU
		{55DADE2C-A742-4472-82AB-0B04EE38A258}.Debug|Any CPU.ActiveCfg = Debug|Any CPU
		{55DADE2C-A742-4472-82AB-0B04EE38A258}.Debug|Any CPU.Build.0 = Debug|Any CPU
		{55DADE2C-A742-4472-82AB-0B04EE38A258}.Release|Any CPU.ActiveCfg = Release|Any CPU
		{55DADE2C-A742-4472-82AB-0B04EE38A258}.Release|Any CPU.Build.0 = Release|Any CPU
		{8BE32523-C8C6-4029-91D4-B072497D26C8}.Debug|Any CPU.ActiveCfg = Debug|Any CPU
		{8BE32523-C8C6-4029-91D4-B072497D26C8}.Debug|Any CPU.Build.0 = Debug|Any CPU
		{8BE32523-C8C6-4029-91D4-B072497D26C8}.Release|Any CPU.ActiveCfg = Release|Any CPU
		{8BE32523-C8C6-4029-91D4-B072497D26C8}.Release|Any CPU.Build.0 = Release|Any CPU
	EndGlobalSection
	GlobalSection(SolutionProperties) = preSolution
		HideSolutionNode = FALSE
	EndGlobalSection
	GlobalSection(NestedProjects) = preSolution
		{09FF19C7-CF38-44D8-9C27-38385CE38C25} = {FD2FD0A0-E891-4405-86A0-BDF6C4A1820D}
		{76826851-8A83-44E2-8A6D-7068E3C22DB7} = {FE57C747-B16E-4F5D-950E-3064FE210AC9}
		{2FB5FD70-C683-4CC0-86C4-1AE6CCEF24E8} = {D5F06049-0C09-4161-8549-6D9AF9645B20}
		{3D4FF002-2C1D-43C3-A0DF-19CC5592AB72} = {FD2FD0A0-E891-4405-86A0-BDF6C4A1820D}
		{0750079F-2E07-4C6C-9A98-243CA6AAFFF5} = {4E695151-906E-413B-99DA-DC40CAD4539A}
		{01EB17CA-5BC3-4D4F-96D9-24BD360B0B54} = {FE57C747-B16E-4F5D-950E-3064FE210AC9}
		{FE57C747-B16E-4F5D-950E-3064FE210AC9} = {FD2FD0A0-E891-4405-86A0-BDF6C4A1820D}
		{4B7EC3C1-8CD8-402E-B32E-2533E4DC711F} = {D5F06049-0C09-4161-8549-6D9AF9645B20}
		{55DADE2C-A742-4472-82AB-0B04EE38A258} = {4E695151-906E-413B-99DA-DC40CAD4539A}
		{8BE32523-C8C6-4029-91D4-B072497D26C8} = {4E695151-906E-413B-99DA-DC40CAD4539A}
	EndGlobalSection
	GlobalSection(ExtensibilityGlobals) = postSolution
		SolutionGuid = {D96E5810-19AD-469B-B57A-489EED3AA1D5}
	EndGlobalSection
EndGlobal
